lockfileVersion: '9.0'

settings:
  autoInstallPeers: true
  excludeLinksFromLockfile: false

importers:

  .:
    dependencies:
      jose:
        specifier: ^6.2.5
        version: 6.2.5

packages:

  jose@6.2.5:
    resolution: {integrity: sha512-2E5L2yRp03FnwreJLJX8/r7mHiZICCf8kG7fAsTWkSQTDAcc46NIZoQLKy+EJ8sPoJlxyS4OQR5H70LjIZZlIQ==}

snapshots:

  jose@6.2.5: {}
